// !$*UTF8*$!
{
	archiveVersion = 1;
	classes = {
	};
	objectVersion = 56;
	objects = {

/* Begin PBXBuildFile section */
		A10000000000000000000001 /* KaosCalApp.swift in Sources */ = {isa = PBXBuildFile; fileRef = A20000000000000000000001 /* KaosCalApp.swift */; };
		A10000000000000000000002 /* AppState.swift in Sources */ = {isa = PBXBuildFile; fileRef = A20000000000000000000002 /* AppState.swift */; };
		A10000000000000000000003 /* CalendarShellView.swift in Sources */ = {isa = PBXBuildFile; fileRef = A20000000000000000000003 /* CalendarShellView.swift */; };
		A10000000000000000000004 /* KaosCalTheme.swift in Sources */ = {isa = PBXBuildFile; fileRef = A20000000000000000000004 /* KaosCalTheme.swift */; };
		A10000000000000000000005 /* Assets.xcassets in Resources */ = {isa = PBXBuildFile; fileRef = A20000000000000000000007 /* Assets.xcassets */; };
		A10000000000000000000006 /* AppStateTests.swift in Sources */ = {isa = PBXBuildFile; fileRef = A20000000000000000000009 /* AppStateTests.swift */; };
		A10000000000000000000007 /* CalendarModels.swift in Sources */ = {isa = PBXBuildFile; fileRef = A2000000000000000000000B /* CalendarModels.swift */; };
		A10000000000000000000008 /* CalendarProvider.swift in Sources */ = {isa = PBXBuildFile; fileRef = A2000000000000000000000C /* CalendarProvider.swift */; };
		A10000000000000000000009 /* EventKitProvider.swift in Sources */ = {isa = PBXBuildFile; fileRef = A2000000000000000000000D /* EventKitProvider.swift */; };
		A1000000000000000000000A /* FakeCalendarProvider.swift in Sources */ = {isa = PBXBuildFile; fileRef = A2000000000000000000000E /* FakeCalendarProvider.swift */; };
		A1000000000000000000000B /* CalendarAccessTests.swift in Sources */ = {isa = PBXBuildFile; fileRef = A2000000000000000000000F /* CalendarAccessTests.swift */; };
		A1000000000000000000000C /* CalendarEventDateFormatting.swift in Sources */ = {isa = PBXBuildFile; fileRef = A20000000000000000000010 /* CalendarEventDateFormatting.swift */; };
		A1000000000000000000000D /* CalendarEventLayout.swift in Sources */ = {isa = PBXBuildFile; fileRef = A20000000000000000000011 /* CalendarEventLayout.swift */; };
		A1000000000000000000000E /* CalendarEventLayoutTests.swift in Sources */ = {isa = PBXBuildFile; fileRef = A20000000000000000000012 /* CalendarEventLayoutTests.swift */; };
		A1000000000000000000000F /* CalendarTimelineView.swift in Sources */ = {isa = PBXBuildFile; fileRef = A20000000000000000000013 /* CalendarTimelineView.swift */; };
		A10000000000000000000014 /* TaskProvider.swift in Sources */ = {isa = PBXBuildFile; fileRef = A20000000000000000000014 /* TaskProvider.swift */; };
		A10000000000000000000015 /* OAuthCredentialStore.swift in Sources */ = {isa = PBXBuildFile; fileRef = A20000000000000000000015 /* OAuthCredentialStore.swift */; };
		A10000000000000000000016 /* GoogleTasksAPI.swift in Sources */ = {isa = PBXBuildFile; fileRef = A20000000000000000000016 /* GoogleTasksAPI.swift */; };
		A10000000000000000000017 /* TodoistAPI.swift in Sources */ = {isa = PBXBuildFile; fileRef = A20000000000000000000017 /* TodoistAPI.swift */; };
		A10000000000000000000018 /* MicrosoftToDoAPI.swift in Sources */ = {isa = PBXBuildFile; fileRef = A20000000000000000000018 /* MicrosoftToDoAPI.swift */; };
		A10000000000000000000019 /* OAuthTaskProviderSession.swift in Sources */ = {isa = PBXBuildFile; fileRef = A20000000000000000000019 /* OAuthTaskProviderSession.swift */; };
		A1000000000000000000001A /* AsyncTaskProvider.swift in Sources */ = {isa = PBXBuildFile; fileRef = A2000000000000000000001A /* AsyncTaskProvider.swift */; };
		B10000000000000000000001 /* GRDB in Frameworks */ = {isa = PBXBuildFile; productRef = B20000000000000000000001 /* GRDB */; };
		C10000000000000000000001 /* AppDatabase.swift in Sources */ = {isa = PBXBuildFile; fileRef = C20000000000000000000001 /* AppDatabase.swift */; };
		C10000000000000000000002 /* DatabaseMigrations.swift in Sources */ = {isa = PBXBuildFile; fileRef = C20000000000000000000002 /* DatabaseMigrations.swift */; };
		C10000000000000000000003 /* ContextModels.swift in Sources */ = {isa = PBXBuildFile; fileRef = C20000000000000000000003 /* ContextModels.swift */; };
		C10000000000000000000004 /* EventIdentityFingerprint.swift in Sources */ = {isa = PBXBuildFile; fileRef = C20000000000000000000004 /* EventIdentityFingerprint.swift */; };
		C10000000000000000000005 /* EventContextRepository.swift in Sources */ = {isa = PBXBuildFile; fileRef = C20000000000000000000005 /* EventContextRepository.swift */; };
		C10000000000000000000006 /* EventTaskRepository.swift in Sources */ = {isa = PBXBuildFile; fileRef = C20000000000000000000006 /* EventTaskRepository.swift */; };
		C10000000000000000000007 /* PersonalTaskRepository.swift in Sources */ = {isa = PBXBuildFile; fileRef = C20000000000000000000007 /* PersonalTaskRepository.swift */; };
		C10000000000000000000008 /* TaskCenterRepository.swift in Sources */ = {isa = PBXBuildFile; fileRef = C20000000000000000000008 /* TaskCenterRepository.swift */; };
		C10000000000000000000009 /* ContextStore.swift in Sources */ = {isa = PBXBuildFile; fileRef = C20000000000000000000009 /* ContextStore.swift */; };
		C1000000000000000000000A /* ContextStoreTests.swift in Sources */ = {isa = PBXBuildFile; fileRef = C2000000000000000000000A /* ContextStoreTests.swift */; };
		C1000000000000000000000B /* TaskProviderModels.swift in Sources */ = {isa = PBXBuildFile; fileRef = C2000000000000000000000B /* TaskProviderModels.swift */; };
		C1000000000000000000000C /* TaskProviderRepository.swift in Sources */ = {isa = PBXBuildFile; fileRef = C2000000000000000000000C /* TaskProviderRepository.swift */; };
		C1000000000000000000000D /* ContextReferenceRepository.swift in Sources */ = {isa = PBXBuildFile; fileRef = C2000000000000000000000D /* ContextReferenceRepository.swift */; };
		D10000000000000000000001 /* EventBriefView.swift in Sources */ = {isa = PBXBuildFile; fileRef = D20000000000000000000001 /* EventBriefView.swift */; };
		D10000000000000000000002 /* TaskCenterView.swift in Sources */ = {isa = PBXBuildFile; fileRef = D20000000000000000000002 /* TaskCenterView.swift */; };
		D10000000000000000000003 /* LocalWorkspaceTests.swift in Sources */ = {isa = PBXBuildFile; fileRef = D20000000000000000000003 /* LocalWorkspaceTests.swift */; };
		E10000000000000000000001 /* CalendarEventEditing.swift in Sources */ = {isa = PBXBuildFile; fileRef = E20000000000000000000001 /* CalendarEventEditing.swift */; };
		E10000000000000000000002 /* CalendarEventEditingTests.swift in Sources */ = {isa = PBXBuildFile; fileRef = E20000000000000000000002 /* CalendarEventEditingTests.swift */; };
		E10000000000000000000003 /* EventEditorView.swift in Sources */ = {isa = PBXBuildFile; fileRef = E20000000000000000000003 /* EventEditorView.swift */; };
		F10000000000000000000001 /* ManualEventKitQATests.swift in Sources */ = {isa = PBXBuildFile; fileRef = F20000000000000000000001 /* ManualEventKitQATests.swift */; };
		G10000000000000000000001 /* CalendarClarity.swift in Sources */ = {isa = PBXBuildFile; fileRef = G20000000000000000000001 /* CalendarClarity.swift */; };
		G10000000000000000000002 /* CalendarRoleRepository.swift in Sources */ = {isa = PBXBuildFile; fileRef = G20000000000000000000002 /* CalendarRoleRepository.swift */; };
		G10000000000000000000003 /* CalendarClarityTests.swift in Sources */ = {isa = PBXBuildFile; fileRef = G20000000000000000000003 /* CalendarClarityTests.swift */; };
		H10000000000000000000001 /* LocalDataBackupService.swift in Sources */ = {isa = PBXBuildFile; fileRef = H20000000000000000000001 /* LocalDataBackupService.swift */; };
		H10000000000000000000002 /* LocalDataSettingsView.swift in Sources */ = {isa = PBXBuildFile; fileRef = H20000000000000000000002 /* LocalDataSettingsView.swift */; };
		H10000000000000000000003 /* LocalDataBackupServiceTests.swift in Sources */ = {isa = PBXBuildFile; fileRef = H20000000000000000000003 /* LocalDataBackupServiceTests.swift */; };
/* End PBXBuildFile section */

/* Begin PBXContainerItemProxy section */
		A30000000000000000000001 /* PBXContainerItemProxy */ = {
			isa = PBXContainerItemProxy;
			containerPortal = A40000000000000000000001 /* Project object */;
			proxyType = 1;
			remoteGlobalIDString = A50000000000000000000001;
			remoteInfo = KaosCal;
		};
/* End PBXContainerItemProxy section */

/* Begin PBXFileReference section */
		A20000000000000000000001 /* KaosCalApp.swift */ = {isa = PBXFileReference; lastKnownFileType = sourcecode.swift; path = KaosCalApp.swift; sourceTree = "<group>"; };
		A20000000000000000000002 /* AppState.swift */ = {isa = PBXFileReference; lastKnownFileType = sourcecode.swift; path = AppState.swift; sourceTree = "<group>"; };
		A20000000000000000000003 /* CalendarShellView.swift */ = {isa = PBXFileReference; lastKnownFileType = sourcecode.swift; path = CalendarShellView.swift; sourceTree = "<group>"; };
		A20000000000000000000004 /* KaosCalTheme.swift */ = {isa = PBXFileReference; lastKnownFileType = sourcecode.swift; path = KaosCalTheme.swift; sourceTree = "<group>"; };
		A20000000000000000000005 /* Info.plist */ = {isa = PBXFileReference; lastKnownFileType = text.plist.xml; path = Info.plist; sourceTree = "<group>"; };
		A20000000000000000000006 /* KaosCal.entitlements */ = {isa = PBXFileReference; lastKnownFileType = text.plist.entitlements; path = KaosCal.entitlements; sourceTree = "<group>"; };
		A20000000000000000000007 /* Assets.xcassets */ = {isa = PBXFileReference; lastKnownFileType = folder.assetcatalog; path = Assets.xcassets; sourceTree = "<group>"; };
		A20000000000000000000008 /* KaosCal.app */ = {isa = PBXFileReference; explicitFileType = wrapper.application; includeInIndex = 0; path = KaosCal.app; sourceTree = BUILT_PRODUCTS_DIR; };
		A20000000000000000000009 /* AppStateTests.swift */ = {isa = PBXFileReference; lastKnownFileType = sourcecode.swift; path = AppStateTests.swift; sourceTree = "<group>"; };
		A2000000000000000000000A /* KaosCalTests.xctest */ = {isa = PBXFileReference; explicitFileType = wrapper.cfbundle; includeInIndex = 0; path = KaosCalTests.xctest; sourceTree = BUILT_PRODUCTS_DIR; };
		A2000000000000000000000B /* CalendarModels.swift */ = {isa = PBXFileReference; lastKnownFileType = sourcecode.swift; path = CalendarModels.swift; sourceTree = "<group>"; };
		A2000000000000000000000C /* CalendarProvider.swift */ = {isa = PBXFileReference; lastKnownFileType = sourcecode.swift; path = CalendarProvider.swift; sourceTree = "<group>"; };
		A2000000000000000000000D /* EventKitProvider.swift */ = {isa = PBXFileReference; lastKnownFileType = sourcecode.swift; path = EventKitProvider.swift; sourceTree = "<group>"; };
		A2000000000000000000000E /* FakeCalendarProvider.swift */ = {isa = PBXFileReference; lastKnownFileType = sourcecode.swift; path = FakeCalendarProvider.swift; sourceTree = "<group>"; };
		A2000000000000000000000F /* CalendarAccessTests.swift */ = {isa = PBXFileReference; lastKnownFileType = sourcecode.swift; path = CalendarAccessTests.swift; sourceTree = "<group>"; };
		A20000000000000000000010 /* CalendarEventDateFormatting.swift */ = {isa = PBXFileReference; lastKnownFileType = sourcecode.swift; path = CalendarEventDateFormatting.swift; sourceTree = "<group>"; };
		A20000000000000000000011 /* CalendarEventLayout.swift */ = {isa = PBXFileReference; lastKnownFileType = sourcecode.swift; path = CalendarEventLayout.swift; sourceTree = "<group>"; };
		A20000000000000000000012 /* CalendarEventLayoutTests.swift */ = {isa = PBXFileReference; lastKnownFileType = sourcecode.swift; path = CalendarEventLayoutTests.swift; sourceTree = "<group>"; };
		A20000000000000000000013 /* CalendarTimelineView.swift */ = {isa = PBXFileReference; lastKnownFileType = sourcecode.swift; path = CalendarTimelineView.swift; sourceTree = "<group>"; };
		A20000000000000000000014 /* TaskProvider.swift */ = {isa = PBXFileReference; lastKnownFileType = sourcecode.swift; path = TaskProvider.swift; sourceTree = "<group>"; };
		A20000000000000000000015 /* OAuthCredentialStore.swift */ = {isa = PBXFileReference; lastKnownFileType = sourcecode.swift; path = OAuthCredentialStore.swift; sourceTree = "<group>"; };
		A20000000000000000000016 /* GoogleTasksAPI.swift */ = {isa = PBXFileReference; lastKnownFileType = sourcecode.swift; path = GoogleTasksAPI.swift; sourceTree = "<group>"; };
		A20000000000000000000017 /* TodoistAPI.swift */ = {isa = PBXFileReference; lastKnownFileType = sourcecode.swift; path = TodoistAPI.swift; sourceTree = "<group>"; };
		A20000000000000000000018 /* MicrosoftToDoAPI.swift */ = {isa = PBXFileReference; lastKnownFileType = sourcecode.swift; path = MicrosoftToDoAPI.swift; sourceTree = "<group>"; };
		A20000000000000000000019 /* OAuthTaskProviderSession.swift */ = {isa = PBXFileReference; lastKnownFileType = sourcecode.swift; path = OAuthTaskProviderSession.swift; sourceTree = "<group>"; };
		A2000000000000000000001A /* AsyncTaskProvider.swift */ = {isa = PBXFileReference; lastKnownFileType = sourcecode.swift; path = AsyncTaskProvider.swift; sourceTree = "<group>"; };
		C20000000000000000000001 /* AppDatabase.swift */ = {isa = PBXFileReference; lastKnownFileType = sourcecode.swift; path = AppDatabase.swift; sourceTree = "<group>"; };
		C20000000000000000000002 /* DatabaseMigrations.swift */ = {isa = PBXFileReference; lastKnownFileType = sourcecode.swift; path = DatabaseMigrations.swift; sourceTree = "<group>"; };
		C20000000000000000000003 /* ContextModels.swift */ = {isa = PBXFileReference; lastKnownFileType = sourcecode.swift; path = ContextModels.swift; sourceTree = "<group>"; };
		C20000000000000000000004 /* EventIdentityFingerprint.swift */ = {isa = PBXFileReference; lastKnownFileType = sourcecode.swift; path = EventIdentityFingerprint.swift; sourceTree = "<group>"; };
		C20000000000000000000005 /* EventContextRepository.swift */ = {isa = PBXFileReference; lastKnownFileType = sourcecode.swift; path = EventContextRepository.swift; sourceTree = "<group>"; };
		C20000000000000000000006 /* EventTaskRepository.swift */ = {isa = PBXFileReference; lastKnownFileType = sourcecode.swift; path = EventTaskRepository.swift; sourceTree = "<group>"; };
		C20000000000000000000007 /* PersonalTaskRepository.swift */ = {isa = PBXFileReference; lastKnownFileType = sourcecode.swift; path = PersonalTaskRepository.swift; sourceTree = "<group>"; };
		C20000000000000000000008 /* TaskCenterRepository.swift */ = {isa = PBXFileReference; lastKnownFileType = sourcecode.swift; path = TaskCenterRepository.swift; sourceTree = "<group>"; };
		C20000000000000000000009 /* ContextStore.swift */ = {isa = PBXFileReference; lastKnownFileType = sourcecode.swift; path = ContextStore.swift; sourceTree = "<group>"; };
		C2000000000000000000000A /* ContextStoreTests.swift */ = {isa = PBXFileReference; lastKnownFileType = sourcecode.swift; path = ContextStoreTests.swift; sourceTree = "<group>"; };
		C2000000000000000000000B /* TaskProviderModels.swift */ = {isa = PBXFileReference; lastKnownFileType = sourcecode.swift; path = TaskProviderModels.swift; sourceTree = "<group>"; };
		C2000000000000000000000C /* TaskProviderRepository.swift */ = {isa = PBXFileReference; lastKnownFileType = sourcecode.swift; path = TaskProviderRepository.swift; sourceTree = "<group>"; };
		C2000000000000000000000D /* ContextReferenceRepository.swift */ = {isa = PBXFileReference; lastKnownFileType = sourcecode.swift; path = ContextReferenceRepository.swift; sourceTree = "<group>"; };
		D20000000000000000000001 /* EventBriefView.swift */ = {isa = PBXFileReference; lastKnownFileType = sourcecode.swift; path = EventBriefView.swift; sourceTree = "<group>"; };
		D20000000000000000000002 /* TaskCenterView.swift */ = {isa = PBXFileReference; lastKnownFileType = sourcecode.swift; path = TaskCenterView.swift; sourceTree = "<group>"; };
		D20000000000000000000003 /* LocalWorkspaceTests.swift */ = {isa = PBXFileReference; lastKnownFileType = sourcecode.swift; path = LocalWorkspaceTests.swift; sourceTree = "<group>"; };
		E20000000000000000000001 /* CalendarEventEditing.swift */ = {isa = PBXFileReference; lastKnownFileType = sourcecode.swift; path = CalendarEventEditing.swift; sourceTree = "<group>"; };
		E20000000000000000000002 /* CalendarEventEditingTests.swift */ = {isa = PBXFileReference; lastKnownFileType = sourcecode.swift; path = CalendarEventEditingTests.swift; sourceTree = "<group>"; };
		E20000000000000000000003 /* EventEditorView.swift */ = {isa = PBXFileReference; lastKnownFileType = sourcecode.swift; path = EventEditorView.swift; sourceTree = "<group>"; };
		F20000000000000000000001 /* ManualEventKitQATests.swift */ = {isa = PBXFileReference; lastKnownFileType = sourcecode.swift; path = ManualEventKitQATests.swift; sourceTree = "<group>"; };
		G20000000000000000000001 /* CalendarClarity.swift */ = {isa = PBXFileReference; lastKnownFileType = sourcecode.swift; path = CalendarClarity.swift; sourceTree = "<group>"; };
		G20000000000000000000002 /* CalendarRoleRepository.swift */ = {isa = PBXFileReference; lastKnownFileType = sourcecode.swift; path = CalendarRoleRepository.swift; sourceTree = "<group>"; };
		G20000000000000000000003 /* CalendarClarityTests.swift */ = {isa = PBXFileReference; lastKnownFileType = sourcecode.swift; path = CalendarClarityTests.swift; sourceTree = "<group>"; };
		H20000000000000000000001 /* LocalDataBackupService.swift */ = {isa = PBXFileReference; lastKnownFileType = sourcecode.swift; path = LocalDataBackupService.swift; sourceTree = "<group>"; };
		H20000000000000000000002 /* LocalDataSettingsView.swift */ = {isa = PBXFileReference; lastKnownFileType = sourcecode.swift; path = LocalDataSettingsView.swift; sourceTree = "<group>"; };
		H20000000000000000000003 /* LocalDataBackupServiceTests.swift */ = {isa = PBXFileReference; lastKnownFileType = sourcecode.swift; path = LocalDataBackupServiceTests.swift; sourceTree = "<group>"; };
/* End PBXFileReference section */

/* Begin PBXFrameworksBuildPhase section */
		A60000000000000000000001 /* Frameworks */ = {
			isa = PBXFrameworksBuildPhase;
			buildActionMask = 2147483647;
			files = (
				B10000000000000000000001 /* GRDB in Frameworks */,
			);
			runOnlyForDeploymentPostprocessing = 0;
		};
		A60000000000000000000002 /* Frameworks */ = {
			isa = PBXFrameworksBuildPhase;
			buildActionMask = 2147483647;
			files = (
			);
			runOnlyForDeploymentPostprocessing = 0;
		};
/* End PBXFrameworksBuildPhase section */

/* Begin PBXGroup section */
		A70000000000000000000001 = {
			isa = PBXGroup;
			children = (
				A70000000000000000000002 /* KaosCal */,
				A70000000000000000000008 /* KaosCalTests */,
				A70000000000000000000009 /* Products */,
			);
			sourceTree = "<group>";
		};
		A70000000000000000000002 /* KaosCal */ = {
			isa = PBXGroup;
			children = (
				A70000000000000000000003 /* App */,
				A7000000000000000000000A /* CalendarKit */,
				C70000000000000000000001 /* ContextStore */,
				A70000000000000000000004 /* Features */,
				A70000000000000000000006 /* DesignSystem */,
				A70000000000000000000007 /* Resources */,
			);
			path = KaosCal;
			sourceTree = "<group>";
		};
		A70000000000000000000003 /* App */ = {
			isa = PBXGroup;
			children = (
				A20000000000000000000001 /* KaosCalApp.swift */,
				A20000000000000000000002 /* AppState.swift */,
			);
			path = App;
			sourceTree = "<group>";
		};
		A70000000000000000000004 /* Features */ = {
			isa = PBXGroup;
			children = (
				A70000000000000000000005 /* CalendarShell */,
				D70000000000000000000001 /* EventBrief */,
				D70000000000000000000002 /* TaskCenter */,
				E70000000000000000000001 /* EventEditor */,
				H70000000000000000000001 /* Settings */,
			);
			path = Features;
			sourceTree = "<group>";
		};
		A70000000000000000000005 /* CalendarShell */ = {
			isa = PBXGroup;
			children = (
				A20000000000000000000003 /* CalendarShellView.swift */,
				A20000000000000000000013 /* CalendarTimelineView.swift */,
			);
			path = CalendarShell;
			sourceTree = "<group>";
		};
		A70000000000000000000006 /* DesignSystem */ = {
			isa = PBXGroup;
			children = (
				A20000000000000000000004 /* KaosCalTheme.swift */,
			);
			path = DesignSystem;
			sourceTree = "<group>";
		};
		A70000000000000000000007 /* Resources */ = {
			isa = PBXGroup;
			children = (
				A20000000000000000000007 /* Assets.xcassets */,
				A20000000000000000000005 /* Info.plist */,
				A20000000000000000000006 /* KaosCal.entitlements */,
			);
			path = Resources;
			sourceTree = "<group>";
		};
		A70000000000000000000008 /* KaosCalTests */ = {
			isa = PBXGroup;
			children = (
				A20000000000000000000009 /* AppStateTests.swift */,
				A2000000000000000000000F /* CalendarAccessTests.swift */,
				G20000000000000000000003 /* CalendarClarityTests.swift */,
				A20000000000000000000012 /* CalendarEventLayoutTests.swift */,
				E20000000000000000000002 /* CalendarEventEditingTests.swift */,
				C2000000000000000000000A /* ContextStoreTests.swift */,
				H20000000000000000000003 /* LocalDataBackupServiceTests.swift */,
				D20000000000000000000003 /* LocalWorkspaceTests.swift */,
				F20000000000000000000001 /* ManualEventKitQATests.swift */,
				A2000000000000000000000E /* FakeCalendarProvider.swift */,
			);
			path = KaosCalTests;
			sourceTree = "<group>";
		};
		A70000000000000000000009 /* Products */ = {
			isa = PBXGroup;
			children = (
				A20000000000000000000008 /* KaosCal.app */,
				A2000000000000000000000A /* KaosCalTests.xctest */,
			);
			name = Products;
			sourceTree = "<group>";
		};
		A7000000000000000000000A /* CalendarKit */ = {
			isa = PBXGroup;
			children = (
				G20000000000000000000001 /* CalendarClarity.swift */,
				A20000000000000000000010 /* CalendarEventDateFormatting.swift */,
				A20000000000000000000011 /* CalendarEventLayout.swift */,
				E20000000000000000000001 /* CalendarEventEditing.swift */,
				A2000000000000000000000B /* CalendarModels.swift */,
				A2000000000000000000000C /* CalendarProvider.swift */,
				A2000000000000000000000D /* EventKitProvider.swift */,
				A20000000000000000000014 /* TaskProvider.swift */,
				A20000000000000000000015 /* OAuthCredentialStore.swift */,
				A20000000000000000000016 /* GoogleTasksAPI.swift */,
				A20000000000000000000017 /* TodoistAPI.swift */,
				A20000000000000000000018 /* MicrosoftToDoAPI.swift */,
				A20000000000000000000019 /* OAuthTaskProviderSession.swift */,
				A2000000000000000000001A /* AsyncTaskProvider.swift */,
			);
			path = CalendarKit;
			sourceTree = "<group>";
		};
		C70000000000000000000001 /* ContextStore */ = {
			isa = PBXGroup;
			children = (
				C20000000000000000000001 /* AppDatabase.swift */,
				H20000000000000000000001 /* LocalDataBackupService.swift */,
				G20000000000000000000002 /* CalendarRoleRepository.swift */,
				C20000000000000000000002 /* DatabaseMigrations.swift */,
				C20000000000000000000003 /* ContextModels.swift */,
				C20000000000000000000009 /* ContextStore.swift */,
				C20000000000000000000005 /* EventContextRepository.swift */,
				C20000000000000000000004 /* EventIdentityFingerprint.swift */,
				C20000000000000000000006 /* EventTaskRepository.swift */,
				C20000000000000000000007 /* PersonalTaskRepository.swift */,
				C20000000000000000000008 /* TaskCenterRepository.swift */,
				C2000000000000000000000B /* TaskProviderModels.swift */,
				C2000000000000000000000C /* TaskProviderRepository.swift */,
				C2000000000000000000000D /* ContextReferenceRepository.swift */,
			);
			path = ContextStore;
			sourceTree = "<group>";
		};
		D70000000000000000000001 /* EventBrief */ = {
			isa = PBXGroup;
			children = (
				D20000000000000000000001 /* EventBriefView.swift */,
			);
			path = EventBrief;
			sourceTree = "<group>";
		};
		D70000000000000000000002 /* TaskCenter */ = {
			isa = PBXGroup;
			children = (
				D20000000000000000000002 /* TaskCenterView.swift */,
			);
			path = TaskCenter;
			sourceTree = "<group>";
		};
		E70000000000000000000001 /* EventEditor */ = {
			isa = PBXGroup;
			children = (
				E20000000000000000000003 /* EventEditorView.swift */,
			);
			path = EventEditor;
			sourceTree = "<group>";
		};
		H70000000000000000000001 /* Settings */ = {
			isa = PBXGroup;
			children = (
				H20000000000000000000002 /* LocalDataSettingsView.swift */,
			);
			path = Settings;
			sourceTree = "<group>";
		};
/* End PBXGroup section */

/* Begin PBXNativeTarget section */
		A50000000000000000000001 /* KaosCal */ = {
			isa = PBXNativeTarget;
			buildConfigurationList = AA0000000000000000000002 /* Build configuration list for PBXNativeTarget "KaosCal" */;
			buildPhases = (
				A80000000000000000000001 /* Sources */,
				A60000000000000000000001 /* Frameworks */,
				A90000000000000000000001 /* Resources */,
			);
			buildRules = (
			);
			dependencies = (
			);
			name = KaosCal;
			packageProductDependencies = (
				B20000000000000000000001 /* GRDB */,
			);
			productName = KaosCal;
			productReference = A20000000000000000000008 /* KaosCal.app */;
			productType = "com.apple.product-type.application";
		};
		A50000000000000000000002 /* KaosCalTests */ = {
			isa = PBXNativeTarget;
			buildConfigurationList = AA0000000000000000000003 /* Build configuration list for PBXNativeTarget "KaosCalTests" */;
			buildPhases = (
				A80000000000000000000002 /* Sources */,
				A60000000000000000000002 /* Frameworks */,
				A90000000000000000000002 /* Resources */,
			);
			buildRules = (
			);
			dependencies = (
				AB0000000000000000000001 /* PBXTargetDependency */,
			);
			name = KaosCalTests;
			productName = KaosCalTests;
			productReference = A2000000000000000000000A /* KaosCalTests.xctest */;
			productType = "com.apple.product-type.bundle.unit-test";
		};
/* End PBXNativeTarget section */

/* Begin PBXProject section */
		A40000000000000000000001 /* Project object */ = {
			isa = PBXProject;
			attributes = {
				BuildIndependentTargetsInParallel = 1;
				LastSwiftUpdateCheck = 2660;
				LastUpgradeCheck = 2660;
				TargetAttributes = {
					A50000000000000000000001 = {
						CreatedOnToolsVersion = 26.6;
					};
					A50000000000000000000002 = {
						CreatedOnToolsVersion = 26.6;
						TestTargetID = A50000000000000000000001;
					};
				};
			};
			buildConfigurationList = AA0000000000000000000001 /* Build configuration list for PBXProject "KaosCal" */;
			compatibilityVersion = "Xcode 14.0";
			developmentRegion = en;
			hasScannedForEncodings = 0;
			knownRegions = (
				en,
				Base,
			);
			mainGroup = A70000000000000000000001;
			packageReferences = (
				B30000000000000000000001 /* XCRemoteSwiftPackageReference "GRDB.swift" */,
			);
			productRefGroup = A70000000000000000000009 /* Products */;
			projectDirPath = "";
			projectRoot = "";
			targets = (
				A50000000000000000000001 /* KaosCal */,
				A50000000000000000000002 /* KaosCalTests */,
			);
		};
/* End PBXProject section */

/* Begin PBXResourcesBuildPhase section */
		A90000000000000000000001 /* Resources */ = {
			isa = PBXResourcesBuildPhase;
			buildActionMask = 2147483647;
			files = (
				A10000000000000000000005 /* Assets.xcassets in Resources */,
			);
			runOnlyForDeploymentPostprocessing = 0;
		};
		A90000000000000000000002 /* Resources */ = {
			isa = PBXResourcesBuildPhase;
			buildActionMask = 2147483647;
			files = (
			);
			runOnlyForDeploymentPostprocessing = 0;
		};
/* End PBXResourcesBuildPhase section */

/* Begin PBXSourcesBuildPhase section */
		A80000000000000000000001 /* Sources */ = {
			isa = PBXSourcesBuildPhase;
			buildActionMask = 2147483647;
			files = (
				A10000000000000000000002 /* AppState.swift in Sources */,
				C10000000000000000000001 /* AppDatabase.swift in Sources */,
				H10000000000000000000001 /* LocalDataBackupService.swift in Sources */,
				G10000000000000000000002 /* CalendarRoleRepository.swift in Sources */,
				C10000000000000000000002 /* DatabaseMigrations.swift in Sources */,
				C10000000000000000000003 /* ContextModels.swift in Sources */,
				C10000000000000000000009 /* ContextStore.swift in Sources */,
				C10000000000000000000005 /* EventContextRepository.swift in Sources */,
				C10000000000000000000004 /* EventIdentityFingerprint.swift in Sources */,
				C10000000000000000000006 /* EventTaskRepository.swift in Sources */,
				C10000000000000000000007 /* PersonalTaskRepository.swift in Sources */,
				C10000000000000000000008 /* TaskCenterRepository.swift in Sources */,
				C1000000000000000000000B /* TaskProviderModels.swift in Sources */,
				C1000000000000000000000C /* TaskProviderRepository.swift in Sources */,
				C1000000000000000000000D /* ContextReferenceRepository.swift in Sources */,
				A1000000000000000000000C /* CalendarEventDateFormatting.swift in Sources */,
				G10000000000000000000001 /* CalendarClarity.swift in Sources */,
				A1000000000000000000000D /* CalendarEventLayout.swift in Sources */,
				E10000000000000000000001 /* CalendarEventEditing.swift in Sources */,
				A10000000000000000000008 /* CalendarProvider.swift in Sources */,
				A10000000000000000000007 /* CalendarModels.swift in Sources */,
				A10000000000000000000009 /* EventKitProvider.swift in Sources */,
				A10000000000000000000014 /* TaskProvider.swift in Sources */,
				A10000000000000000000015 /* OAuthCredentialStore.swift in Sources */,
				A10000000000000000000016 /* GoogleTasksAPI.swift in Sources */,
				A10000000000000000000017 /* TodoistAPI.swift in Sources */,
				A10000000000000000000018 /* MicrosoftToDoAPI.swift in Sources */,
				A10000000000000000000019 /* OAuthTaskProviderSession.swift in Sources */,
				A1000000000000000000001A /* AsyncTaskProvider.swift in Sources */,
				A10000000000000000000003 /* CalendarShellView.swift in Sources */,
				A1000000000000000000000F /* CalendarTimelineView.swift in Sources */,
				D10000000000000000000001 /* EventBriefView.swift in Sources */,
				D10000000000000000000002 /* TaskCenterView.swift in Sources */,
				E10000000000000000000003 /* EventEditorView.swift in Sources */,
				H10000000000000000000002 /* LocalDataSettingsView.swift in Sources */,
				A10000000000000000000004 /* KaosCalTheme.swift in Sources */,
				A10000000000000000000001 /* KaosCalApp.swift in Sources */,
			);
			runOnlyForDeploymentPostprocessing = 0;
		};
		A80000000000000000000002 /* Sources */ = {
			isa = PBXSourcesBuildPhase;
			buildActionMask = 2147483647;
			files = (
				A10000000000000000000006 /* AppStateTests.swift in Sources */,
				A1000000000000000000000B /* CalendarAccessTests.swift in Sources */,
				G10000000000000000000003 /* CalendarClarityTests.swift in Sources */,
				A1000000000000000000000E /* CalendarEventLayoutTests.swift in Sources */,
				E10000000000000000000002 /* CalendarEventEditingTests.swift in Sources */,
				C1000000000000000000000A /* ContextStoreTests.swift in Sources */,
				H10000000000000000000003 /* LocalDataBackupServiceTests.swift in Sources */,
				D10000000000000000000003 /* LocalWorkspaceTests.swift in Sources */,
				F10000000000000000000001 /* ManualEventKitQATests.swift in Sources */,
				A1000000000000000000000A /* FakeCalendarProvider.swift in Sources */,
			);
			runOnlyForDeploymentPostprocessing = 0;
		};
/* End PBXSourcesBuildPhase section */

/* Begin PBXTargetDependency section */
		AB0000000000000000000001 /* PBXTargetDependency */ = {
			isa = PBXTargetDependency;
			target = A50000000000000000000001 /* KaosCal */;
			targetProxy = A30000000000000000000001 /* PBXContainerItemProxy */;
		};
/* End PBXTargetDependency section */

/* Begin XCBuildConfiguration section */
		AC0000000000000000000001 /* Debug */ = {
			isa = XCBuildConfiguration;
			buildSettings = {
				ALWAYS_SEARCH_USER_PATHS = NO;
				CLANG_ANALYZER_NONNULL = YES;
				CLANG_ANALYZER_NUMBER_OBJECT_CONVERSION = YES_AGGRESSIVE;
				CLANG_CXX_LANGUAGE_STANDARD = "gnu++20";
				CLANG_ENABLE_MODULES = YES;
				CLANG_ENABLE_OBJC_ARC = YES;
				COPY_PHASE_STRIP = NO;
				DEBUG_INFORMATION_FORMAT = dwarf;
				ENABLE_STRICT_OBJC_MSGSEND = YES;
				ENABLE_TESTABILITY = YES;
				GCC_C_LANGUAGE_STANDARD = gnu17;
				GCC_DYNAMIC_NO_PIC = NO;
				GCC_NO_COMMON_BLOCKS = YES;
				GCC_OPTIMIZATION_LEVEL = 0;
				GCC_PREPROCESSOR_DEFINITIONS = (
					"DEBUG=1",
					"$(inherited)",
				);
				MACOSX_DEPLOYMENT_TARGET = 14.0;
				MTL_ENABLE_DEBUG_INFO = INCLUDE_SOURCE;
				ONLY_ACTIVE_ARCH = YES;
				SDKROOT = macosx;
				SWIFT_ACTIVE_COMPILATION_CONDITIONS = DEBUG;
				SWIFT_OPTIMIZATION_LEVEL = "-Onone";
		};
			name = Debug;
		};
		AC0000000000000000000002 /* Release */ = {
			isa = XCBuildConfiguration;
			buildSettings = {
				ALWAYS_SEARCH_USER_PATHS = NO;
				CLANG_ANALYZER_NONNULL = YES;
				CLANG_ANALYZER_NUMBER_OBJECT_CONVERSION = YES_AGGRESSIVE;
				CLANG_CXX_LANGUAGE_STANDARD = "gnu++20";
				CLANG_ENABLE_MODULES = YES;
				CLANG_ENABLE_OBJC_ARC = YES;
				COPY_PHASE_STRIP = YES;
				DEBUG_INFORMATION_FORMAT = "dwarf-with-dsym";
				ENABLE_NS_ASSERTIONS = NO;
				ENABLE_STRICT_OBJC_MSGSEND = YES;
				GCC_C_LANGUAGE_STANDARD = gnu17;
				GCC_NO_COMMON_BLOCKS = YES;
				MACOSX_DEPLOYMENT_TARGET = 14.0;
				MTL_ENABLE_DEBUG_INFO = NO;
				SDKROOT = macosx;
				SWIFT_COMPILATION_MODE = wholemodule;
		};
			name = Release;
		};
		AC0000000000000000000003 /* Debug */ = {
			isa = XCBuildConfiguration;
			buildSettings = {
				ASSETCATALOG_COMPILER_APPICON_NAME = AppIcon;
				ASSETCATALOG_COMPILER_GLOBAL_ACCENT_COLOR_NAME = AccentColor;
				CODE_SIGN_ENTITLEMENTS = KaosCal/Resources/KaosCal.entitlements;
				CODE_SIGN_STYLE = Automatic;
				CURRENT_PROJECT_VERSION = 1;
				DEAD_CODE_STRIPPING = YES;
				ENABLE_HARDENED_RUNTIME = YES;
				GENERATE_INFOPLIST_FILE = NO;
				INFOPLIST_FILE = KaosCal/Resources/Info.plist;
				LD_RUNPATH_SEARCH_PATHS = (
					"$(inherited)",
					"@executable_path/../Frameworks",
				);
				MACOSX_DEPLOYMENT_TARGET = 14.0;
				MARKETING_VERSION = 0.1.0;
				PRODUCT_BUNDLE_IDENTIFIER = com.adtstack.kaoscal;
				PRODUCT_NAME = "$(TARGET_NAME)";
				SWIFT_EMIT_LOC_STRINGS = YES;
				SWIFT_VERSION = 5.0;
		};
			name = Debug;
		};
		AC0000000000000000000004 /* Release */ = {
			isa = XCBuildConfiguration;
			buildSettings = {
				ASSETCATALOG_COMPILER_APPICON_NAME = AppIcon;
				ASSETCATALOG_COMPILER_GLOBAL_ACCENT_COLOR_NAME = AccentColor;
				CODE_SIGN_ENTITLEMENTS = KaosCal/Resources/KaosCal.entitlements;
				CODE_SIGN_STYLE = Automatic;
				CURRENT_PROJECT_VERSION = 1;
				DEAD_CODE_STRIPPING = YES;
				ENABLE_HARDENED_RUNTIME = YES;
				GENERATE_INFOPLIST_FILE = NO;
				INFOPLIST_FILE = KaosCal/Resources/Info.plist;
				LD_RUNPATH_SEARCH_PATHS = (
					"$(inherited)",
					"@executable_path/../Frameworks",
				);
				MACOSX_DEPLOYMENT_TARGET = 14.0;
				MARKETING_VERSION = 0.1.0;
				PRODUCT_BUNDLE_IDENTIFIER = com.adtstack.kaoscal;
				PRODUCT_NAME = "$(TARGET_NAME)";
				SWIFT_EMIT_LOC_STRINGS = YES;
				SWIFT_VERSION = 5.0;
			};
			name = Release;
		};
		AC0000000000000000000005 /* Debug */ = {
			isa = XCBuildConfiguration;
			buildSettings = {
				BUNDLE_LOADER = "$(TEST_HOST)";
				CODE_SIGN_STYLE = Automatic;
				GENERATE_INFOPLIST_FILE = YES;
				LD_RUNPATH_SEARCH_PATHS = (
					"$(inherited)",
					"@executable_path/../Frameworks",
					"@loader_path/../Frameworks",
				);
				MACOSX_DEPLOYMENT_TARGET = 14.0;
				PRODUCT_BUNDLE_IDENTIFIER = com.adtstack.kaoscal.tests;
				PRODUCT_NAME = "$(TARGET_NAME)";
				SWIFT_VERSION = 5.0;
				TEST_HOST = "$(BUILT_PRODUCTS_DIR)/KaosCal.app/Contents/MacOS/KaosCal";
		};
			name = Debug;
		};
		AC0000000000000000000006 /* Release */ = {
			isa = XCBuildConfiguration;
			buildSettings = {
				BUNDLE_LOADER = "$(TEST_HOST)";
				CODE_SIGN_STYLE = Automatic;
				GENERATE_INFOPLIST_FILE = YES;
				LD_RUNPATH_SEARCH_PATHS = (
					"$(inherited)",
					"@executable_path/../Frameworks",
					"@loader_path/../Frameworks",
				);
				MACOSX_DEPLOYMENT_TARGET = 14.0;
				PRODUCT_BUNDLE_IDENTIFIER = com.adtstack.kaoscal.tests;
				PRODUCT_NAME = "$(TARGET_NAME)";
				SWIFT_VERSION = 5.0;
				TEST_HOST = "$(BUILT_PRODUCTS_DIR)/KaosCal.app/Contents/MacOS/KaosCal";
			};
			name = Release;
		};
/* End XCBuildConfiguration section */

/* Begin XCConfigurationList section */
		AA0000000000000000000001 /* Build configuration list for PBXProject "KaosCal" */ = {
			isa = XCConfigurationList;
			buildConfigurations = (
				AC0000000000000000000001 /* Debug */,
				AC0000000000000000000002 /* Release */,
			);
			defaultConfigurationIsVisible = 0;
			defaultConfigurationName = Release;
		};
		AA0000000000000000000002 /* Build configuration list for PBXNativeTarget "KaosCal" */ = {
			isa = XCConfigurationList;
			buildConfigurations = (
				AC0000000000000000000003 /* Debug */,
				AC0000000000000000000004 /* Release */,
			);
			defaultConfigurationIsVisible = 0;
			defaultConfigurationName = Release;
		};
		AA0000000000000000000003 /* Build configuration list for PBXNativeTarget "KaosCalTests" */ = {
			isa = XCConfigurationList;
			buildConfigurations = (
				AC0000000000000000000005 /* Debug */,
				AC0000000000000000000006 /* Release */,
			);
			defaultConfigurationIsVisible = 0;
			defaultConfigurationName = Release;
		};
/* End XCConfigurationList section */

/* Begin XCRemoteSwiftPackageReference section */
		B30000000000000000000001 /* XCRemoteSwiftPackageReference "GRDB.swift" */ = {
			isa = XCRemoteSwiftPackageReference;
			repositoryURL = "https://github.com/groue/GRDB.swift.git";
			requirement = {
				kind = exactVersion;
				version = 7.10.0;
			};
		};
/* End XCRemoteSwiftPackageReference section */

/* Begin XCSwiftPackageProductDependency section */
		B20000000000000000000001 /* GRDB */ = {
			isa = XCSwiftPackageProductDependency;
			package = B30000000000000000000001 /* XCRemoteSwiftPackageReference "GRDB.swift" */;
			productName = GRDB;
		};
/* End XCSwiftPackageProductDependency section */
	};
	rootObject = A40000000000000000000001 /* Project object */;
}
